
Microsoft Visual Studio Solution File, Format Version 12.00
# Visual Studio 2013
VisualStudioVersion = 12.0.0.0
MinimumVisualStudioVersion = 10.0.0.1
Project("{FAE04EC0-301F-11D3-BF4B-00C04F79EFBC}") = "compiled-queries", "compiled-queries\compiled-queries.csproj", "{74816AA8-2402-4C65-B232-465B38931AE1}"
EndProject
Project("{FAE04EC0-301F-11D3-BF4B-00C04F79EFBC}") = "context-pooling", "context-pooling\context-pooling.csproj", "{8F4F5B4F-7DD4-405C-8330-0147A30BCB76}"
EndProject
Project("{FAE04EC0-301F-11D3-BF4B-00C04F79EFBC}") = "db-functions", "db-functions\db-functions.csproj", "{80394118-C7B1-4763-8B04-30E0B4253DAF}"
EndProject
Project("{FAE04EC0-301F-11D3-BF4B-00C04F79EFBC}") = "like", "like\like.csproj", "{6221372F-F2CC-4836-A36A-DE64F04B323E}"
EndProject
Project("{FAE04EC0-301F-11D3-BF4B-00C04F79EFBC}") = "query-filters", "query-filters\query-filters.csproj", "{0200CF5E-599F-4DB9-9732-D1BA132E5F11}"
EndProject
Project("{FAE04EC0-301F-11D3-BF4B-00C04F79EFBC}") = "data-seeding", "data-seeding\data-seeding.csproj", "{AB8C94BA-CD6B-4765-9376-769663B69C6E}"
EndProject
Project("{FAE04EC0-301F-11D3-BF4B-00C04F79EFBC}") = "owned-attribute", "owned-attribute\owned-attribute.csproj", "{DE99E7C6-ACA5-44EE-9D54-D8294B2C9831}"
EndProject
Project("{FAE04EC0-301F-11D3-BF4B-00C04F79EFBC}") = "entity-constructor-params", "entity-constructor-params\entity-constructor-params.csproj", "{059EF9E7-4FD8-4E35-939D-25716E5D594D}"
EndProject
Project("{FAE04EC0-301F-11D3-BF4B-00C04F79EFBC}") = "lazy-loading", "lazy-loading\lazy-loading.csproj", "{32533807-3312-4347-880C-E35F92CCBF89}"
EndProject
Global
	GlobalSection(SolutionConfigurationPlatforms) = preSolution
		Debug|Any CPU = Debug|Any CPU
		Release|Any CPU = Release|Any CPU
	EndGlobalSection
	GlobalSection(ProjectConfigurationPlatforms) = postSolution
		{74816AA8-2402-4C65-B232-465B38931AE1}.Debug|Any CPU.ActiveCfg = Debug|Any CPU
		{74816AA8-2402-4C65-B232-465B38931AE1}.Debug|Any CPU.Build.0 = Debug|Any CPU
		{74816AA8-2402-4C65-B232-465B38931AE1}.Release|Any CPU.ActiveCfg = Release|Any CPU
		{74816AA8-2402-4C65-B232-465B38931AE1}.Release|Any CPU.Build.0 = Release|Any CPU
		{8F4F5B4F-7DD4-405C-8330-0147A30BCB76}.Debug|Any CPU.ActiveCfg = Debug|Any CPU
		{8F4F5B4F-7DD4-405C-8330-0147A30BCB76}.Debug|Any CPU.Build.0 = Debug|Any CPU
		{8F4F5B4F-7DD4-405C-8330-0147A30BCB76}.Release|Any CPU.ActiveCfg = Debug|Any CPU
		{8F4F5B4F-7DD4-405C-8330-0147A30BCB76}.Release|Any CPU.Build.0 = Debug|Any CPU
		{80394118-C7B1-4763-8B04-30E0B4253DAF}.Debug|Any CPU.ActiveCfg = Debug|Any CPU
		{80394118-C7B1-4763-8B04-30E0B4253DAF}.Debug|Any CPU.Build.0 = Debug|Any CPU
		{80394118-C7B1-4763-8B04-30E0B4253DAF}.Release|Any CPU.ActiveCfg = Release|Any CPU
		{80394118-C7B1-4763-8B04-30E0B4253DAF}.Release|Any CPU.Build.0 = Release|Any CPU
		{6221372F-F2CC-4836-A36A-DE64F04B323E}.Debug|Any CPU.ActiveCfg = Debug|Any CPU
		{6221372F-F2CC-4836-A36A-DE64F04B323E}.Debug|Any CPU.Build.0 = Debug|Any CPU
		{6221372F-F2CC-4836-A36A-DE64F04B323E}.Release|Any CPU.ActiveCfg = Release|Any CPU
		{6221372F-F2CC-4836-A36A-DE64F04B323E}.Release|Any CPU.Build.0 = Release|Any CPU
		{0200CF5E-599F-4DB9-9732-D1BA132E5F11}.Debug|Any CPU.ActiveCfg = Debug|Any CPU
		{0200CF5E-599F-4DB9-9732-D1BA132E5F11}.Debug|Any CPU.Build.0 = Debug|Any CPU
		{0200CF5E-599F-4DB9-9732-D1BA132E5F11}.Release|Any CPU.ActiveCfg = Release|Any CPU
		{0200CF5E-599F-4DB9-9732-D1BA132E5F11}.Release|Any CPU.Build.0 = Release|Any CPU
		{AB8C94BA-CD6B-4765-9376-769663B69C6E}.Debug|Any CPU.ActiveCfg = Debug|Any CPU
		{AB8C94BA-CD6B-4765-9376-769663B69C6E}.Debug|Any CPU.Build.0 = Debug|Any CPU
		{AB8C94BA-CD6B-4765-9376-769663B69C6E}.Release|Any CPU.ActiveCfg = Release|Any CPU
		{AB8C94BA-CD6B-4765-9376-769663B69C6E}.Release|Any CPU.Build.0 = Release|Any CPU
		{DE99E7C6-ACA5-44EE-9D54-D8294B2C9831}.Debug|Any CPU.ActiveCfg = Debug|Any CPU
		{DE99E7C6-ACA5-44EE-9D54-D8294B2C9831}.Debug|Any CPU.Build.0 = Debug|Any CPU
		{DE99E7C6-ACA5-44EE-9D54-D8294B2C9831}.Release|Any CPU.ActiveCfg = Release|Any CPU
		{DE99E7C6-ACA5-44EE-9D54-D8294B2C9831}.Release|Any CPU.Build.0 = Release|Any CPU
		{059EF9E7-4FD8-4E35-939D-25716E5D594D}.Debug|Any CPU.ActiveCfg = Debug|Any CPU
		{059EF9E7-4FD8-4E35-939D-25716E5D594D}.Debug|Any CPU.Build.0 = Debug|Any CPU
		{059EF9E7-4FD8-4E35-939D-25716E5D594D}.Release|Any CPU.ActiveCfg = Release|Any CPU
		{059EF9E7-4FD8-4E35-939D-25716E5D594D}.Release|Any CPU.Build.0 = Release|Any CPU
		{32533807-3312-4347-880C-E35F92CCBF89}.Debug|Any CPU.ActiveCfg = Debug|Any CPU
		{32533807-3312-4347-880C-E35F92CCBF89}.Debug|Any CPU.Build.0 = Debug|Any CPU
		{32533807-3312-4347-880C-E35F92CCBF89}.Release|Any CPU.ActiveCfg = Release|Any CPU
		{32533807-3312-4347-880C-E35F92CCBF89}.Release|Any CPU.Build.0 = Release|Any CPU
	EndGlobalSection
	GlobalSection(SolutionProperties) = preSolution
		HideSolutionNode = FALSE
	EndGlobalSection
EndGlobal
